
Microsoft Visual Studio Solution File, Format Version 12.00
# Visual Studio Version 16
VisualStudioVersion = 16.0.30011.22
MinimumVisualStudioVersion = 10.0.40219.1
Project("{9A19103F-16F7-4668-BE54-9A1E7A4F7556}") = "Weekdays", "src\weekdays\Weekdays.csproj", "{0D9592F5-0FB3-41CC-8AF3-88CB20F6CA7D}"
EndProject
Project("{9A19103F-16F7-4668-BE54-9A1E7A4F7556}") = "Weekdays.Tests", "test\weekdays.Tests\Weekdays.Tests.csproj", "{16D6F0E8-C046-4422-86F1-615E5E921E70}"
EndProject
Global
	GlobalSection(SolutionConfigurationPlatforms) = preSolution
		Debug|Any CPU = Debug|Any CPU
		Release|Any CPU = Release|Any CPU
	EndGlobalSection
	GlobalSection(ProjectConfigurationPlatforms) = postSolution
		{0D9592F5-0FB3-41CC-8AF3-88CB20F6CA7D}.Debug|Any CPU.ActiveCfg = Debug|Any CPU
		{0D9592F5-0FB3-41CC-8AF3-88CB20F6CA7D}.Debug|Any CPU.Build.0 = Debug|Any CPU
		{0D9592F5-0FB3-41CC-8AF3-88CB20F6CA7D}.Release|Any CPU.ActiveCfg = Release|Any CPU
		{0D9592F5-0FB3-41CC-8AF3-88CB20F6CA7D}.Release|Any CPU.Build.0 = Release|Any CPU
		{16D6F0E8-C046-4422-86F1-615E5E921E70}.Debug|Any CPU.ActiveCfg = Debug|Any CPU
		{16D6F0E8-C046-4422-86F1-615E5E921E70}.Debug|Any CPU.Build.0 = Debug|Any CPU
		{16D6F0E8-C046-4422-86F1-615E5E921E70}.Release|Any CPU.ActiveCfg = Release|Any CPU
		{16D6F0E8-C046-4422-86F1-615E5E921E70}.Release|Any CPU.Build.0 = Release|Any CPU
	EndGlobalSection
	GlobalSection(SolutionProperties) = preSolution
		HideSolutionNode = FALSE
	EndGlobalSection
	GlobalSection(ExtensibilityGlobals) = postSolution
		SolutionGuid = {DCB7F3FD-BDCA-4D2B-BEC1-0EAFFE7BDE13}
	EndGlobalSection
EndGlobal
